
Microsoft Visual Studio Solution File, Format Version 12.00
# Visual Studio Version 17
VisualStudioVersion = 17.7.34221.43
MinimumVisualStudioVersion = 10.0.40219.1
Project("{9A19103F-16F7-4668-BE54-9A1E7A4F7556}") = "banking", "banking\banking.csproj", "{3E199C44-4065-4548-A043-241A9F4DFF2E}"
EndProject
Project("{FAE04EC0-301F-11D3-BF4B-00C04F79EFBC}") = "Unittest", "Unittest\Unittest.csproj", "{1D21590C-C30C-4BF1-879D-09C54C76C288}"
EndProject
Global
	GlobalSection(SolutionConfigurationPlatforms) = preSolution
		Debug|Any CPU = Debug|Any CPU
		Release|Any CPU = Release|Any CPU
	EndGlobalSection
	GlobalSection(ProjectConfigurationPlatforms) = postSolution
		{3E199C44-4065-4548-A043-241A9F4DFF2E}.Debug|Any CPU.ActiveCfg = Debug|Any CPU
		{3E199C44-4065-4548-A043-241A9F4DFF2E}.Debug|Any CPU.Build.0 = Debug|Any CPU
		{3E199C44-4065-4548-A043-241A9F4DFF2E}.Release|Any CPU.ActiveCfg = Release|Any CPU
		{3E199C44-4065-4548-A043-241A9F4DFF2E}.Release|Any CPU.Build.0 = Release|Any CPU
		{1D21590C-C30C-4BF1-879D-09C54C76C288}.Debug|Any CPU.ActiveCfg = Debug|Any CPU
		{1D21590C-C30C-4BF1-879D-09C54C76C288}.Debug|Any CPU.Build.0 = Debug|Any CPU
		{1D21590C-C30C-4BF1-879D-09C54C76C288}.Release|Any CPU.ActiveCfg = Release|Any CPU
		{1D21590C-C30C-4BF1-879D-09C54C76C288}.Release|Any CPU.Build.0 = Release|Any CPU
	EndGlobalSection
	GlobalSection(SolutionProperties) = preSolution
		HideSolutionNode = FALSE
	EndGlobalSection
	GlobalSection(ExtensibilityGlobals) = postSolution
		SolutionGuid = {103644F2-DA85-4C80-A3F3-5703448E27AD}
	EndGlobalSection
EndGlobal
